
Microsoft Visual Studio Solution File, Format Version 12.00
# Visual Studio 15
VisualStudioVersion = 15.0.28307.329
MinimumVisualStudioVersion = 10.0.40219.1
Project("{FAE04EC0-301F-11D3-BF4B-00C04F79EFBC}") = "FilmLibrairy", "FilmLibrairy\FilmLibrairy.csproj", "{7F258C1D-90EF-45FC-BA80-657298EC0C17}"
EndProject
Project("{FAE04EC0-301F-11D3-BF4B-00C04F79EFBC}") = "FilmConsole", "FilmConsole\FilmConsole.csproj", "{9DE213A3-4439-4841-AF92-C2A577824A53}"
EndProject
Project("{FAE04EC0-301F-11D3-BF4B-00C04F79EFBC}") = "FilmTests", "FilmTests\FilmTests.csproj", "{0B0DC9A7-637E-4C35-A93C-AF3ABFC7AB8E}"
EndProject
Global
	GlobalSection(SolutionConfigurationPlatforms) = preSolution
		Debug|Any CPU = Debug|Any CPU
		Release|Any CPU = Release|Any CPU
	EndGlobalSection
	GlobalSection(ProjectConfigurationPlatforms) = postSolution
		{7F258C1D-90EF-45FC-BA80-657298EC0C17}.Debug|Any CPU.ActiveCfg = Debug|Any CPU
		{7F258C1D-90EF-45FC-BA80-657298EC0C17}.Debug|Any CPU.Build.0 = Debug|Any CPU
		{7F258C1D-90EF-45FC-BA80-657298EC0C17}.Release|Any CPU.ActiveCfg = Release|Any CPU
		{7F258C1D-90EF-45FC-BA80-657298EC0C17}.Release|Any CPU.Build.0 = Release|Any CPU
		{9DE213A3-4439-4841-AF92-C2A577824A53}.Debug|Any CPU.ActiveCfg = Debug|Any CPU
		{9DE213A3-4439-4841-AF92-C2A577824A53}.Debug|Any CPU.Build.0 = Debug|Any CPU
		{9DE213A3-4439-4841-AF92-C2A577824A53}.Release|Any CPU.ActiveCfg = Release|Any CPU
		{9DE213A3-4439-4841-AF92-C2A577824A53}.Release|Any CPU.Build.0 = Release|Any CPU
		{0B0DC9A7-637E-4C35-A93C-AF3ABFC7AB8E}.Debug|Any CPU.ActiveCfg = Debug|Any CPU
		{0B0DC9A7-637E-4C35-A93C-AF3ABFC7AB8E}.Debug|Any CPU.Build.0 = Debug|Any CPU
		{0B0DC9A7-637E-4C35-A93C-AF3ABFC7AB8E}.Release|Any CPU.ActiveCfg = Release|Any CPU
		{0B0DC9A7-637E-4C35-A93C-AF3ABFC7AB8E}.Release|Any CPU.Build.0 = Release|Any CPU
	EndGlobalSection
	GlobalSection(SolutionProperties) = preSolution
		HideSolutionNode = FALSE
	EndGlobalSection
	GlobalSection(ExtensibilityGlobals) = postSolution
		SolutionGuid = {D64764FC-18E0-46CA-BA6A-48EF4DB7DE1D}
	EndGlobalSection
EndGlobal
